# @generated by Move, please check-in and do not edit manually.

[move]
version = 3
manifest_digest = "F9114F2A524B48BBEC43A614A47ABC720BCB5933743B9F5C79C085720443130E"
deps_digest = "F8BBB0CCB2491CA29A3DF03D6F92277A4F3574266507ACD77214D37ECA3F3082"
dependencies = [
  { id = "Sui", name = "Sui" },
]

[[move.package]]
id = "MoveStdlib"
source = { git = "https://gitee.com/MystenLabs/sui.git", rev = "framework/testnet", subdir = "crates\\sui-framework\\packages\\move-stdlib" }

[[move.package]]
id = "Sui"
source = { git = "https://gitee.com/MystenLabs/sui.git", rev = "framework/testnet", subdir = "crates/sui-framework/packages/sui-framework" }

dependencies = [
  { id = "MoveStdlib", name = "MoveStdlib" },
]

[move.toolchain-version]
compiler-version = "1.37.1"
edition = "2024.beta"
flavor = "sui"

[env]

[env.mainnet]
chain-id = "35834a8a"
original-published-id = "0x666ab936b379987d6c938d6fff1047a53209ecbc29ab5bd614d9068fc1531e28"
latest-published-id = "0x666ab936b379987d6c938d6fff1047a53209ecbc29ab5bd614d9068fc1531e28"
published-version = "1"
